
Microsoft Visual Studio Solution File, Format Version 12.00
# Visual Studio 2013
VisualStudioVersion = 12.0.21005.1
MinimumVisualStudioVersion = 10.0.40219.1
Project("{FAE04EC0-301F-11D3-BF4B-00C04F79EFBC}") = "Demo", "Demo\Demo.csproj", "{9B2D12B5-BE99-4EA4-B2B2-0BB639F0FFDD}"
EndProject
Global
	GlobalSection(SolutionConfigurationPlatforms) = preSolution
		Debug|Any CPU = Debug|Any CPU
		Release|Any CPU = Release|Any CPU
	EndGlobalSection
	GlobalSection(ProjectConfigurationPlatforms) = postSolution
		{9B2D12B5-BE99-4EA4-B2B2-0BB639F0FFDD}.Debug|Any CPU.ActiveCfg = Debug|Any CPU
		{9B2D12B5-BE99-4EA4-B2B2-0BB639F0FFDD}.Debug|Any CPU.Build.0 = Debug|Any CPU
		{9B2D12B5-BE99-4EA4-B2B2-0BB639F0FFDD}.Release|Any CPU.ActiveCfg = Release|Any CPU
		{9B2D12B5-BE99-4EA4-B2B2-0BB639F0FFDD}.Release|Any CPU.Build.0 = Release|Any CPU
	EndGlobalSection
	GlobalSection(SolutionProperties) = preSolution
		HideSolutionNode = FALSE
	EndGlobalSection
EndGlobal
